
Microsoft Visual Studio Solution File, Format Version 12.00
Project("{FAE04EC0-301F-11D3-BF4B-00C04F79EFBC}") = "TestRunner", "TestRunner\TestRunner.csproj", "{C5F596A3-BA88-4AEF-932F-900156AC620F}"
EndProject
Project("{FAE04EC0-301F-11D3-BF4B-00C04F79EFBC}") = "Server", "Server\Server.csproj", "{6F246BB4-1E9C-4553-8A12-70EF4E436B94}"
EndProject
Project("{FAE04EC0-301F-11D3-BF4B-00C04F79EFBC}") = "DbWorker", "DbWorker\DbWorker.csproj", "{5AB8934B-6936-4FDB-8A82-02BC079A0D27}"
EndProject
Global
	GlobalSection(SolutionConfigurationPlatforms) = preSolution
		Debug|Any CPU = Debug|Any CPU
		Release|Any CPU = Release|Any CPU
	EndGlobalSection
	GlobalSection(ProjectConfigurationPlatforms) = postSolution
		{C5F596A3-BA88-4AEF-932F-900156AC620F}.Debug|Any CPU.ActiveCfg = Debug|Any CPU
		{C5F596A3-BA88-4AEF-932F-900156AC620F}.Debug|Any CPU.Build.0 = Debug|Any CPU
		{C5F596A3-BA88-4AEF-932F-900156AC620F}.Release|Any CPU.ActiveCfg = Release|Any CPU
		{C5F596A3-BA88-4AEF-932F-900156AC620F}.Release|Any CPU.Build.0 = Release|Any CPU
		{6F246BB4-1E9C-4553-8A12-70EF4E436B94}.Debug|Any CPU.ActiveCfg = Debug|Any CPU
		{6F246BB4-1E9C-4553-8A12-70EF4E436B94}.Debug|Any CPU.Build.0 = Debug|Any CPU
		{6F246BB4-1E9C-4553-8A12-70EF4E436B94}.Release|Any CPU.ActiveCfg = Release|Any CPU
		{6F246BB4-1E9C-4553-8A12-70EF4E436B94}.Release|Any CPU.Build.0 = Release|Any CPU
		{5AB8934B-6936-4FDB-8A82-02BC079A0D27}.Debug|Any CPU.ActiveCfg = Debug|Any CPU
		{5AB8934B-6936-4FDB-8A82-02BC079A0D27}.Debug|Any CPU.Build.0 = Debug|Any CPU
		{5AB8934B-6936-4FDB-8A82-02BC079A0D27}.Release|Any CPU.ActiveCfg = Release|Any CPU
		{5AB8934B-6936-4FDB-8A82-02BC079A0D27}.Release|Any CPU.Build.0 = Release|Any CPU
	EndGlobalSection
EndGlobal
